
Microsoft Visual Studio Solution File, Format Version 12.00
# Visual Studio Version 17
VisualStudioVersion = 17.12.35506.116
MinimumVisualStudioVersion = 10.0.40219.1
Project("{FAE04EC0-301F-11D3-BF4B-00C04F79EFBC}") = "TamaProject", "TamaProject.csproj", "{6752B1DC-C883-444B-B522-A98F0F633417}"
EndProject
Global
	GlobalSection(SolutionConfigurationPlatforms) = preSolution
		Debug|Any CPU = Debug|Any CPU
		Release|Any CPU = Release|Any CPU
	EndGlobalSection
	GlobalSection(ProjectConfigurationPlatforms) = postSolution
		{6752B1DC-C883-444B-B522-A98F0F633417}.Debug|Any CPU.ActiveCfg = Debug|Any CPU
		{6752B1DC-C883-444B-B522-A98F0F633417}.Debug|Any CPU.Build.0 = Debug|Any CPU
		{6752B1DC-C883-444B-B522-A98F0F633417}.Release|Any CPU.ActiveCfg = Release|Any CPU
		{6752B1DC-C883-444B-B522-A98F0F633417}.Release|Any CPU.Build.0 = Release|Any CPU
	EndGlobalSection
	GlobalSection(SolutionProperties) = preSolution
		HideSolutionNode = FALSE
	EndGlobalSection
	GlobalSection(ExtensibilityGlobals) = postSolution
		SolutionGuid = {AEBED637-17A8-4AFC-9194-6BFD2ED5AF3A}
	EndGlobalSection
EndGlobal
